{
  "name": "e-commerce-dam",
  "lockfileVersion": 2,
  "requires": true,
  "packages": {
    "": {
      "dependencies": {
        "@deuna/checkout-sdk": "^1.9.0"
      }
    },
    "node_modules/@deuna/checkout-sdk": {
      "version": "1.9.0",
      "resolved": "https://registry.npmjs.org/@deuna/checkout-sdk/-/checkout-sdk-1.9.0.tgz",
      "integrity": "sha512-j137jQS9vBqkvDk7+N1q3OMV7pATmgguzyQTaeyGHm4ep1dum2gnBB2I+Afx3GRypkvX3JXM4y1utuz9D2REtQ==",
      "hasInstallScript": true
    }
  },
  "dependencies": {
    "@deuna/checkout-sdk": {
      "version": "1.9.0",
      "resolved": "https://registry.npmjs.org/@deuna/checkout-sdk/-/checkout-sdk-1.9.0.tgz",
      "integrity": "sha512-j137jQS9vBqkvDk7+N1q3OMV7pATmgguzyQTaeyGHm4ep1dum2gnBB2I+Afx3GRypkvX3JXM4y1utuz9D2REtQ=="
    }
  }
}
